
Microsoft Visual Studio Solution File, Format Version 12.00
# Visual Studio Version 16
VisualStudioVersion = 16.0.33130.400
MinimumVisualStudioVersion = 10.0.40219.1
Project("{FAE04EC0-301F-11D3-BF4B-00C04F79EFBC}") = "Financiero", "Financiero\Financiero.csproj", "{E488AE33-E694-4172-B131-994FA0B6475F}"
EndProject
Global
	GlobalSection(SolutionConfigurationPlatforms) = preSolution
		Debug|Any CPU = Debug|Any CPU
		Release|Any CPU = Release|Any CPU
	EndGlobalSection
	GlobalSection(ProjectConfigurationPlatforms) = postSolution
		{E488AE33-E694-4172-B131-994FA0B6475F}.Debug|Any CPU.ActiveCfg = Debug|Any CPU
		{E488AE33-E694-4172-B131-994FA0B6475F}.Debug|Any CPU.Build.0 = Debug|Any CPU
		{E488AE33-E694-4172-B131-994FA0B6475F}.Release|Any CPU.ActiveCfg = Release|Any CPU
		{E488AE33-E694-4172-B131-994FA0B6475F}.Release|Any CPU.Build.0 = Release|Any CPU
	EndGlobalSection
	GlobalSection(SolutionProperties) = preSolution
		HideSolutionNode = FALSE
	EndGlobalSection
	GlobalSection(ExtensibilityGlobals) = postSolution
		SolutionGuid = {D8A89C13-2D14-465E-A925-C584B06F1C1A}
	EndGlobalSection
EndGlobal
